// !$*UTF8*$!
{
	archiveVersion = 1;
	classes = {
	};
	objectVersion = 77;
	objects = {

/* Begin PBXContainerItemProxy section */
		84A5666A2D46F53F00004430 /* PBXContainerItemProxy */ = {
			isa = PBXContainerItemProxy;
			containerPortal = 84A5664E2D46F53E00004430 /* Project object */;
			proxyType = 1;
			remoteGlobalIDString = 84A566552D46F53E00004430;
			remoteInfo = icongenerator;
		};
		84A566742D46F53F00004430 /* PBXContainerItemProxy */ = {
			isa = PBXContainerItemProxy;
			containerPortal = 84A5664E2D46F53E00004430 /* Project object */;
			proxyType = 1;
			remoteGlobalIDString = 84A566552D46F53E00004430;
			remoteInfo = icongenerator;
		};
/* End PBXContainerItemProxy section */

/* Begin PBXFileReference section */
		84A566562D46F53E00004430 /* icongenerator.app */ = {isa = PBXFileReference; explicitFileType = wrapper.application; includeInIndex = 0; path = icongenerator.app; sourceTree = BUILT_PRODUCTS_DIR; };
		84A566692D46F53F00004430 /* icongeneratorTests.xctest */ = {isa = PBXFileReference; explicitFileType = wrapper.cfbundle; includeInIndex = 0; path = icongeneratorTests.xctest; sourceTree = BUILT_PRODUCTS_DIR; };
		84A566732D46F53F00004430 /* icongeneratorUITests.xctest */ = {isa = PBXFileReference; explicitFileType = wrapper.cfbundle; includeInIndex = 0; path = icongeneratorUITests.xctest; sourceTree = BUILT_PRODUCTS_DIR; };
/* End PBXFileReference section */

/* Begin PBXFileSystemSynchronizedRootGroup section */
		84A566582D46F53E00004430 /* icongenerator */ = {
			isa = PBXFileSystemSynchronizedRootGroup;
			path = icongenerator;
			sourceTree = "<group>";
		};
		84A5666C2D46F53F00004430 /* icongeneratorTests */ = {
			isa = PBXFileSystemSynchronizedRootGroup;
			path = icongeneratorTests;
			sourceTree = "<group>";
		};
		84A566762D46F53F00004430 /* icongeneratorUITests */ = {
			isa = PBXFileSystemSynchronizedRootGroup;
			path = icongeneratorUITests;
			sourceTree = "<group>";
		};
/* End PBXFileSystemSynchronizedRootGroup section */

/* Begin PBXFrameworksBuildPhase section */
		84A566532D46F53E00004430 /* Frameworks */ = {
			isa = PBXFrameworksBuildPhase;
			buildActionMask = 2147483647;
			files = (
			);
			runOnlyForDeploymentPostprocessing = 0;
		};
		84A566662D46F53F00004430 /* Frameworks */ = {
			isa = PBXFrameworksBuildPhase;
			buildActionMask = 2147483647;
			files = (
			);
			runOnlyForDeploymentPostprocessing = 0;
		};
		84A566702D46F53F00004430 /* Frameworks */ = {
			isa = PBXFrameworksBuildPhase;
			buildActionMask = 2147483647;
			files = (
			);
			runOnlyForDeploymentPostprocessing = 0;
		};
/* End PBXFrameworksBuildPhase section */

/* Begin PBXGroup section */
		84A5664D2D46F53E00004430 = {
			isa = PBXGroup;
			children = (
				84A566582D46F53E00004430 /* icongenerator */,
				84A5666C2D46F53F00004430 /* icongeneratorTests */,
				84A566762D46F53F00004430 /* icongeneratorUITests */,
				84A566572D46F53E00004430 /* Products */,
			);
			sourceTree = "<group>";
		};
		84A566572D46F53E00004430 /* Products */ = {
			isa = PBXGroup;
			children = (
				84A566562D46F53E00004430 /* icongenerator.app */,
				84A566692D46F53F00004430 /* icongeneratorTests.xctest */,
				84A566732D46F53F00004430 /* icongeneratorUITests.xctest */,
			);
			name = Products;
			sourceTree = "<group>";
		};
/* End PBXGroup section */

/* Begin PBXNativeTarget section */
		84A566552D46F53E00004430 /* icongenerator */ = {
			isa = PBXNativeTarget;
			buildConfigurationList = 84A5667D2D46F53F00004430 /* Build configuration list for PBXNativeTarget "icongenerator" */;
			buildPhases = (
				84A566522D46F53E00004430 /* Sources */,
				84A566532D46F53E00004430 /* Frameworks */,
				84A566542D46F53E00004430 /* Resources */,
			);
			buildRules = (
			);
			dependencies = (
			);
			fileSystemSynchronizedGroups = (
				84A566582D46F53E00004430 /* icongenerator */,
			);
			name = icongenerator;
			packageProductDependencies = (
			);
			productName = icongenerator;
			productReference = 84A566562D46F53E00004430 /* icongenerator.app */;
			productType = "com.apple.product-type.application";
		};
		84A566682D46F53F00004430 /* icongeneratorTests */ = {
			isa = PBXNativeTarget;
			buildConfigurationList = 84A566802D46F53F00004430 /* Build configuration list for PBXNativeTarget "icongeneratorTests" */;
			buildPhases = (
				84A566652D46F53F00004430 /* Sources */,
				84A566662D46F53F00004430 /* Frameworks */,
				84A566672D46F53F00004430 /* Resources */,
			);
			buildRules = (
			);
			dependencies = (
				84A5666B2D46F53F00004430 /* PBXTargetDependency */,
			);
			fileSystemSynchronizedGroups = (
				84A5666C2D46F53F00004430 /* icongeneratorTests */,
			);
			name = icongeneratorTests;
			packageProductDependencies = (
			);
			productName = icongeneratorTests;
			productReference = 84A566692D46F53F00004430 /* icongeneratorTests.xctest */;
			productType = "com.apple.product-type.bundle.unit-test";
		};
		84A566722D46F53F00004430 /* icongeneratorUITests */ = {
			isa = PBXNativeTarget;
			buildConfigurationList = 84A566832D46F53F00004430 /* Build configuration list for PBXNativeTarget "icongeneratorUITests" */;
			buildPhases = (
				84A5666F2D46F53F00004430 /* Sources */,
				84A566702D46F53F00004430 /* Frameworks */,
				84A566712D46F53F00004430 /* Resources */,
			);
			buildRules = (
			);
			dependencies = (
				84A566752D46F53F00004430 /* PBXTargetDependency */,
			);
			fileSystemSynchronizedGroups = (
				84A566762D46F53F00004430 /* icongeneratorUITests */,
			);
			name = icongeneratorUITests;
			packageProductDependencies = (
			);
			productName = icongeneratorUITests;
			productReference = 84A566732D46F53F00004430 /* icongeneratorUITests.xctest */;
			productType = "com.apple.product-type.bundle.ui-testing";
		};
/* End PBXNativeTarget section */

/* Begin PBXProject section */
		84A5664E2D46F53E00004430 /* Project object */ = {
			isa = PBXProject;
			attributes = {
				BuildIndependentTargetsInParallel = 1;
				LastSwiftUpdateCheck = 1620;
				LastUpgradeCheck = 1620;
				TargetAttributes = {
					84A566552D46F53E00004430 = {
						CreatedOnToolsVersion = 16.2;
					};
					84A566682D46F53F00004430 = {
						CreatedOnToolsVersion = 16.2;
						TestTargetID = 84A566552D46F53E00004430;
					};
					84A566722D46F53F00004430 = {
						CreatedOnToolsVersion = 16.2;
						TestTargetID = 84A566552D46F53E00004430;
					};
				};
			};
			buildConfigurationList = 84A566512D46F53E00004430 /* Build configuration list for PBXProject "icongenerator" */;
			developmentRegion = en;
			hasScannedForEncodings = 0;
			knownRegions = (
				en,
				Base,
			);
			mainGroup = 84A5664D2D46F53E00004430;
			minimizedProjectReferenceProxies = 1;
			preferredProjectObjectVersion = 77;
			productRefGroup = 84A566572D46F53E00004430 /* Products */;
			projectDirPath = "";
			projectRoot = "";
			targets = (
				84A566552D46F53E00004430 /* icongenerator */,
				84A566682D46F53F00004430 /* icongeneratorTests */,
				84A566722D46F53F00004430 /* icongeneratorUITests */,
			);
		};
/* End PBXProject section */

/* Begin PBXResourcesBuildPhase section */
		84A566542D46F53E00004430 /* Resources */ = {
			isa = PBXResourcesBuildPhase;
			buildActionMask = 2147483647;
			files = (
			);
			runOnlyForDeploymentPostprocessing = 0;
		};
		84A566672D46F53F00004430 /* Resources */ = {
			isa = PBXResourcesBuildPhase;
			buildActionMask = 2147483647;
			files = (
			);
			runOnlyForDeploymentPostprocessing = 0;
		};
		84A566712D46F53F00004430 /* Resources */ = {
			isa = PBXResourcesBuildPhase;
			buildActionMask = 2147483647;
			files = (
			);
			runOnlyForDeploymentPostprocessing = 0;
		};
/* End PBXResourcesBuildPhase section */

/* Begin PBXSourcesBuildPhase section */
		84A566522D46F53E00004430 /* Sources */ = {
			isa = PBXSourcesBuildPhase;
			buildActionMask = 2147483647;
			files = (
			);
			runOnlyForDeploymentPostprocessing = 0;
		};
		84A566652D46F53F00004430 /* Sources */ = {
			isa = PBXSourcesBuildPhase;
			buildActionMask = 2147483647;
			files = (
			);
			runOnlyForDeploymentPostprocessing = 0;
		};
		84A5666F2D46F53F00004430 /* Sources */ = {
			isa = PBXSourcesBuildPhase;
			buildActionMask = 2147483647;
			files = (
			);
			runOnlyForDeploymentPostprocessing = 0;
		};
/* End PBXSourcesBuildPhase section */

/* Begin PBXTargetDependency section */
		84A5666B2D46F53F00004430 /* PBXTargetDependency */ = {
			isa = PBXTargetDependency;
			target = 84A566552D46F53E00004430 /* icongenerator */;
			targetProxy = 84A5666A2D46F53F00004430 /* PBXContainerItemProxy */;
		};
		84A566752D46F53F00004430 /* PBXTargetDependency */ = {
			isa = PBXTargetDependency;
			target = 84A566552D46F53E00004430 /* icongenerator */;
			targetProxy = 84A566742D46F53F00004430 /* PBXContainerItemProxy */;
		};
/* End PBXTargetDependency section */

/* Begin XCBuildConfiguration section */
		84A5667B2D46F53F00004430 /* Debug */ = {
			isa = XCBuildConfiguration;
			buildSettings = {
				ALWAYS_SEARCH_USER_PATHS = NO;
				ASSETCATALOG_COMPILER_GENERATE_SWIFT_ASSET_SYMBOL_EXTENSIONS = YES;
				CLANG_ANALYZER_NONNULL = YES;
				CLANG_ANALYZER_NUMBER_OBJECT_CONVERSION = YES_AGGRESSIVE;
				CLANG_CXX_LANGUAGE_STANDARD = "gnu++20";
				CLANG_ENABLE_MODULES = YES;
				CLANG_ENABLE_OBJC_ARC = YES;
				CLANG_ENABLE_OBJC_WEAK = YES;
				CLANG_WARN_BLOCK_CAPTURE_AUTORELEASING = YES;
				CLANG_WARN_BOOL_CONVERSION = YES;
				CLANG_WARN_COMMA = YES;
				CLANG_WARN_CONSTANT_CONVERSION = YES;
				CLANG_WARN_DEPRECATED_OBJC_IMPLEMENTATIONS = YES;
				CLANG_WARN_DIRECT_OBJC_ISA_USAGE = YES_ERROR;
				CLANG_WARN_DOCUMENTATION_COMMENTS = YES;
				CLANG_WARN_EMPTY_BODY = YES;
				CLANG_WARN_ENUM_CONVERSION = YES;
				CLANG_WARN_INFINITE_RECURSION = YES;
				CLANG_WARN_INT_CONVERSION = YES;
				CLANG_WARN_NON_LITERAL_NULL_CONVERSION = YES;
				CLANG_WARN_OBJC_IMPLICIT_RETAIN_SELF = YES;
				CLANG_WARN_OBJC_LITERAL_CONVERSION = YES;
				CLANG_WARN_OBJC_ROOT_CLASS = YES_ERROR;
				CLANG_WARN_QUOTED_INCLUDE_IN_FRAMEWORK_HEADER = YES;
				CLANG_WARN_RANGE_LOOP_ANALYSIS = YES;
				CLANG_WARN_STRICT_PROTOTYPES = YES;
				CLANG_WARN_SUSPICIOUS_MOVE = YES;
				CLANG_WARN_UNGUARDED_AVAILABILITY = YES_AGGRESSIVE;
				CLANG_WARN_UNREACHABLE_CODE = YES;
				CLANG_WARN__DUPLICATE_METHOD_MATCH = YES;
				COPY_PHASE_STRIP = NO;
				DEBUG_INFORMATION_FORMAT = dwarf;
				ENABLE_STRICT_OBJC_MSGSEND = YES;
				ENABLE_TESTABILITY = YES;
				ENABLE_USER_SCRIPT_SANDBOXING = YES;
				GCC_C_LANGUAGE_STANDARD = gnu17;
				GCC_DYNAMIC_NO_PIC = NO;
				GCC_NO_COMMON_BLOCKS = YES;
				GCC_OPTIMIZATION_LEVEL = 0;
				GCC_PREPROCESSOR_DEFINITIONS = (
					"DEBUG=1",
					"$(inherited)",
				);
				GCC_WARN_64_TO_32_BIT_CONVERSION = YES;
				GCC_WARN_ABOUT_RETURN_TYPE = YES_ERROR;
				GCC_WARN_UNDECLARED_SELECTOR = YES;
				GCC_WARN_UNINITIALIZED_AUTOS = YES_AGGRESSIVE;
				GCC_WARN_UNUSED_FUNCTION = YES;
				GCC_WARN_UNUSED_VARIABLE = YES;
				LOCALIZATION_PREFERS_STRING_CATALOGS = YES;
				MACOSX_DEPLOYMENT_TARGET = 15.1;
				MTL_ENABLE_DEBUG_INFO = INCLUDE_SOURCE;
				MTL_FAST_MATH = YES;
				ONLY_ACTIVE_ARCH = YES;
				SDKROOT = macosx;
				SWIFT_ACTIVE_COMPILATION_CONDITIONS = "DEBUG $(inherited)";
				SWIFT_OPTIMIZATION_LEVEL = "-Onone";
			};
			name = Debug;
		};
		84A5667C2D46F53F00004430 /* Release */ = {
			isa = XCBuildConfiguration;
			buildSettings = {
				ALWAYS_SEARCH_USER_PATHS = NO;
				ASSETCATALOG_COMPILER_GENERATE_SWIFT_ASSET_SYMBOL_EXTENSIONS = YES;
				CLANG_ANALYZER_NONNULL = YES;
				CLANG_ANALYZER_NUMBER_OBJECT_CONVERSION = YES_AGGRESSIVE;
				CLANG_CXX_LANGUAGE_STANDARD = "gnu++20";
				CLANG_ENABLE_MODULES = YES;
				CLANG_ENABLE_OBJC_ARC = YES;
				CLANG_ENABLE_OBJC_WEAK = YES;
				CLANG_WARN_BLOCK_CAPTURE_AUTORELEASING = YES;
				CLANG_WARN_BOOL_CONVERSION = YES;
				CLANG_WARN_COMMA = YES;
				CLANG_WARN_CONSTANT_CONVERSION = YES;
				CLANG_WARN_DEPRECATED_OBJC_IMPLEMENTATIONS = YES;
				CLANG_WARN_DIRECT_OBJC_ISA_USAGE = YES_ERROR;
				CLANG_WARN_DOCUMENTATION_COMMENTS = YES;
				CLANG_WARN_EMPTY_BODY = YES;
				CLANG_WARN_ENUM_CONVERSION = YES;
				CLANG_WARN_INFINITE_RECURSION = YES;
				CLANG_WARN_INT_CONVERSION = YES;
				CLANG_WARN_NON_LITERAL_NULL_CONVERSION = YES;
				CLANG_WARN_OBJC_IMPLICIT_RETAIN_SELF = YES;
				CLANG_WARN_OBJC_LITERAL_CONVERSION = YES;
				CLANG_WARN_OBJC_ROOT_CLASS = YES_ERROR;
				CLANG_WARN_QUOTED_INCLUDE_IN_FRAMEWORK_HEADER = YES;
				CLANG_WARN_RANGE_LOOP_ANALYSIS = YES;
				CLANG_WARN_STRICT_PROTOTYPES = YES;
				CLANG_WARN_SUSPICIOUS_MOVE = YES;
				CLANG_WARN_UNGUARDED_AVAILABILITY = YES_AGGRESSIVE;
				CLANG_WARN_UNREACHABLE_CODE = YES;
				CLANG_WARN__DUPLICATE_METHOD_MATCH = YES;
				COPY_PHASE_STRIP = NO;
				DEBUG_INFORMATION_FORMAT = "dwarf-with-dsym";
				ENABLE_NS_ASSERTIONS = NO;
				ENABLE_STRICT_OBJC_MSGSEND = YES;
				ENABLE_USER_SCRIPT_SANDBOXING = YES;
				GCC_C_LANGUAGE_STANDARD = gnu17;
				GCC_NO_COMMON_BLOCKS = YES;
				GCC_WARN_64_TO_32_BIT_CONVERSION = YES;
				GCC_WARN_ABOUT_RETURN_TYPE = YES_ERROR;
				GCC_WARN_UNDECLARED_SELECTOR = YES;
				GCC_WARN_UNINITIALIZED_AUTOS = YES_AGGRESSIVE;
				GCC_WARN_UNUSED_FUNCTION = YES;
				GCC_WARN_UNUSED_VARIABLE = YES;
				LOCALIZATION_PREFERS_STRING_CATALOGS = YES;
				MACOSX_DEPLOYMENT_TARGET = 15.1;
				MTL_ENABLE_DEBUG_INFO = NO;
				MTL_FAST_MATH = YES;
				SDKROOT = macosx;
				SWIFT_COMPILATION_MODE = wholemodule;
			};
			name = Release;
		};
		84A5667E2D46F53F00004430 /* Debug */ = {
			isa = XCBuildConfiguration;
			buildSettings = {
				ASSETCATALOG_COMPILER_APPICON_NAME = AppIcon;
				ASSETCATALOG_COMPILER_GLOBAL_ACCENT_COLOR_NAME = AccentColor;
				CODE_SIGN_ENTITLEMENTS = icongenerator/icongenerator.entitlements;
				CODE_SIGN_STYLE = Automatic;
				COMBINE_HIDPI_IMAGES = YES;
				CURRENT_PROJECT_VERSION = 1;
				DEVELOPMENT_ASSET_PATHS = "\"icongenerator/Preview Content\"";
				DEVELOPMENT_TEAM = YZC3JJT2AU;
				ENABLE_HARDENED_RUNTIME = YES;
				ENABLE_PREVIEWS = YES;
				GENERATE_INFOPLIST_FILE = YES;
				INFOPLIST_KEY_NSHumanReadableCopyright = "";
				LD_RUNPATH_SEARCH_PATHS = (
					"$(inherited)",
					"@executable_path/../Frameworks",
				);
				MACOSX_DEPLOYMENT_TARGET = 14.0;
				MARKETING_VERSION = 1.0;
				PRODUCT_BUNDLE_IDENTIFIER = av.icongenerator;
				PRODUCT_NAME = "$(TARGET_NAME)";
				SWIFT_EMIT_LOC_STRINGS = YES;
				SWIFT_VERSION = 5.0;
			};
			name = Debug;
		};
		84A5667F2D46F53F00004430 /* Release */ = {
			isa = XCBuildConfiguration;
			buildSettings = {
				ASSETCATALOG_COMPILER_APPICON_NAME = AppIcon;
				ASSETCATALOG_COMPILER_GLOBAL_ACCENT_COLOR_NAME = AccentColor;
				CODE_SIGN_ENTITLEMENTS = icongenerator/icongenerator.entitlements;
				CODE_SIGN_STYLE = Automatic;
				COMBINE_HIDPI_IMAGES = YES;
				CURRENT_PROJECT_VERSION = 1;
				DEVELOPMENT_ASSET_PATHS = "\"icongenerator/Preview Content\"";
				DEVELOPMENT_TEAM = YZC3JJT2AU;
				ENABLE_HARDENED_RUNTIME = YES;
				ENABLE_PREVIEWS = YES;
				GENERATE_INFOPLIST_FILE = YES;
				INFOPLIST_KEY_NSHumanReadableCopyright = "";
				LD_RUNPATH_SEARCH_PATHS = (
					"$(inherited)",
					"@executable_path/../Frameworks",
				);
				MACOSX_DEPLOYMENT_TARGET = 14.0;
				MARKETING_VERSION = 1.0;
				PRODUCT_BUNDLE_IDENTIFIER = av.icongenerator;
				PRODUCT_NAME = "$(TARGET_NAME)";
				SWIFT_EMIT_LOC_STRINGS = YES;
				SWIFT_VERSION = 5.0;
			};
			name = Release;
		};
		84A566812D46F53F00004430 /* Debug */ = {
			isa = XCBuildConfiguration;
			buildSettings = {
				BUNDLE_LOADER = "$(TEST_HOST)";
				CODE_SIGN_STYLE = Automatic;
				CURRENT_PROJECT_VERSION = 1;
				DEVELOPMENT_TEAM = YZC3JJT2AU;
				GENERATE_INFOPLIST_FILE = YES;
				MACOSX_DEPLOYMENT_TARGET = 14.0;
				MARKETING_VERSION = 1.0;
				PRODUCT_BUNDLE_IDENTIFIER = av.icongeneratorTests;
				PRODUCT_NAME = "$(TARGET_NAME)";
				SWIFT_EMIT_LOC_STRINGS = NO;
				SWIFT_VERSION = 5.0;
				TEST_HOST = "$(BUILT_PRODUCTS_DIR)/icongenerator.app/$(BUNDLE_EXECUTABLE_FOLDER_PATH)/icongenerator";
			};
			name = Debug;
		};
		84A566822D46F53F00004430 /* Release */ = {
			isa = XCBuildConfiguration;
			buildSettings = {
				BUNDLE_LOADER = "$(TEST_HOST)";
				CODE_SIGN_STYLE = Automatic;
				CURRENT_PROJECT_VERSION = 1;
				DEVELOPMENT_TEAM = YZC3JJT2AU;
				GENERATE_INFOPLIST_FILE = YES;
				MACOSX_DEPLOYMENT_TARGET = 14.0;
				MARKETING_VERSION = 1.0;
				PRODUCT_BUNDLE_IDENTIFIER = av.icongeneratorTests;
				PRODUCT_NAME = "$(TARGET_NAME)";
				SWIFT_EMIT_LOC_STRINGS = NO;
				SWIFT_VERSION = 5.0;
				TEST_HOST = "$(BUILT_PRODUCTS_DIR)/icongenerator.app/$(BUNDLE_EXECUTABLE_FOLDER_PATH)/icongenerator";
			};
			name = Release;
		};
		84A566842D46F53F00004430 /* Debug */ = {
			isa = XCBuildConfiguration;
			buildSettings = {
				CODE_SIGN_STYLE = Automatic;
				CURRENT_PROJECT_VERSION = 1;
				DEVELOPMENT_TEAM = YZC3JJT2AU;
				GENERATE_INFOPLIST_FILE = YES;
				MARKETING_VERSION = 1.0;
				PRODUCT_BUNDLE_IDENTIFIER = av.icongeneratorUITests;
				PRODUCT_NAME = "$(TARGET_NAME)";
				SWIFT_EMIT_LOC_STRINGS = NO;
				SWIFT_VERSION = 5.0;
				TEST_TARGET_NAME = icongenerator;
			};
			name = Debug;
		};
		84A566852D46F53F00004430 /* Release */ = {
			isa = XCBuildConfiguration;
			buildSettings = {
				CODE_SIGN_STYLE = Automatic;
				CURRENT_PROJECT_VERSION = 1;
				DEVELOPMENT_TEAM = YZC3JJT2AU;
				GENERATE_INFOPLIST_FILE = YES;
				MARKETING_VERSION = 1.0;
				PRODUCT_BUNDLE_IDENTIFIER = av.icongeneratorUITests;
				PRODUCT_NAME = "$(TARGET_NAME)";
				SWIFT_EMIT_LOC_STRINGS = NO;
				SWIFT_VERSION = 5.0;
				TEST_TARGET_NAME = icongenerator;
			};
			name = Release;
		};
/* End XCBuildConfiguration section */

/* Begin XCConfigurationList section */
		84A566512D46F53E00004430 /* Build configuration list for PBXProject "icongenerator" */ = {
			isa = XCConfigurationList;
			buildConfigurations = (
				84A5667B2D46F53F00004430 /* Debug */,
				84A5667C2D46F53F00004430 /* Release */,
			);
			defaultConfigurationIsVisible = 0;
			defaultConfigurationName = Release;
		};
		84A5667D2D46F53F00004430 /* Build configuration list for PBXNativeTarget "icongenerator" */ = {
			isa = XCConfigurationList;
			buildConfigurations = (
				84A5667E2D46F53F00004430 /* Debug */,
				84A5667F2D46F53F00004430 /* Release */,
			);
			defaultConfigurationIsVisible = 0;
			defaultConfigurationName = Release;
		};
		84A566802D46F53F00004430 /* Build configuration list for PBXNativeTarget "icongeneratorTests" */ = {
			isa = XCConfigurationList;
			buildConfigurations = (
				84A566812D46F53F00004430 /* Debug */,
				84A566822D46F53F00004430 /* Release */,
			);
			defaultConfigurationIsVisible = 0;
			defaultConfigurationName = Release;
		};
		84A566832D46F53F00004430 /* Build configuration list for PBXNativeTarget "icongeneratorUITests" */ = {
			isa = XCConfigurationList;
			buildConfigurations = (
				84A566842D46F53F00004430 /* Debug */,
				84A566852D46F53F00004430 /* Release */,
			);
			defaultConfigurationIsVisible = 0;
			defaultConfigurationName = Release;
		};
/* End XCConfigurationList section */
	};
	rootObject = 84A5664E2D46F53E00004430 /* Project object */;
}
